// !$*UTF8*$!
{
	archiveVersion = 1;
	classes = {
	};
	objectVersion = 56;
	objects = {

/* Begin PBXBuildFile section */
		54AB4C962BC5D56E00EB562F /* SupplierDetailsView.swift in Sources */ = {isa = PBXBuildFile; fileRef = 54AB4C952BC5D56E00EB562F /* SupplierDetailsView.swift */; };
		54AB4C982BC5D98200EB562F /* SupplyHistoryModel.swift in Sources */ = {isa = PBXBuildFile; fileRef = 54AB4C972BC5D98200EB562F /* SupplyHistoryModel.swift */; };
		54EC76AF2BC1C2810044B0D1 /* ProductSystemApp.swift in Sources */ = {isa = PBXBuildFile; fileRef = 54EC76AE2BC1C2810044B0D1 /* ProductSystemApp.swift */; };
		54EC76B12BC1C2810044B0D1 /* SettingsView.swift in Sources */ = {isa = PBXBuildFile; fileRef = 54EC76B02BC1C2810044B0D1 /* SettingsView.swift */; };
		54EC76B32BC1C2820044B0D1 /* Assets.xcassets in Resources */ = {isa = PBXBuildFile; fileRef = 54EC76B22BC1C2820044B0D1 /* Assets.xcassets */; };
		54EC76B62BC1C2820044B0D1 /* Preview Assets.xcassets in Resources */ = {isa = PBXBuildFile; fileRef = 54EC76B52BC1C2820044B0D1 /* Preview Assets.xcassets */; };
		54EC76BE2BC1C2DE0044B0D1 /* SQLite in Frameworks */ = {isa = PBXBuildFile; productRef = 54EC76BD2BC1C2DE0044B0D1 /* SQLite */; };
		54EC76C02BC1C4680044B0D1 /* DatabaseWrapper.swift in Sources */ = {isa = PBXBuildFile; fileRef = 54EC76BF2BC1C4680044B0D1 /* DatabaseWrapper.swift */; };
		54EC76C22BC1E0AD0044B0D1 /* ProductsView.swift in Sources */ = {isa = PBXBuildFile; fileRef = 54EC76C12BC1E0AD0044B0D1 /* ProductsView.swift */; };
		54EC76C42BC2C1340044B0D1 /* MainTabView.swift in Sources */ = {isa = PBXBuildFile; fileRef = 54EC76C32BC2C1340044B0D1 /* MainTabView.swift */; };
		54EC76C62BC2C1540044B0D1 /* ProductDetailsView.swift in Sources */ = {isa = PBXBuildFile; fileRef = 54EC76C52BC2C1540044B0D1 /* ProductDetailsView.swift */; };
		54EC76C82BC2C1760044B0D1 /* CategoriesView.swift in Sources */ = {isa = PBXBuildFile; fileRef = 54EC76C72BC2C1760044B0D1 /* CategoriesView.swift */; };
		54EC76CA2BC2C1850044B0D1 /* SuppliersView.swift in Sources */ = {isa = PBXBuildFile; fileRef = 54EC76C92BC2C1850044B0D1 /* SuppliersView.swift */; };
		54EC76CD2BC2C1B30044B0D1 /* ProductModel.swift in Sources */ = {isa = PBXBuildFile; fileRef = 54EC76CC2BC2C1B30044B0D1 /* ProductModel.swift */; };
		54EC76CF2BC2C1D90044B0D1 /* CategoryModel.swift in Sources */ = {isa = PBXBuildFile; fileRef = 54EC76CE2BC2C1D90044B0D1 /* CategoryModel.swift */; };
		54EC76D12BC2C1E70044B0D1 /* SupplierModel.swift in Sources */ = {isa = PBXBuildFile; fileRef = 54EC76D02BC2C1E70044B0D1 /* SupplierModel.swift */; };
		54EC76D32BC2C1F50044B0D1 /* InventoryModel.swift in Sources */ = {isa = PBXBuildFile; fileRef = 54EC76D22BC2C1F50044B0D1 /* InventoryModel.swift */; };
		54EC76D52BC2C20D0044B0D1 /* PricingOfferModel.swift in Sources */ = {isa = PBXBuildFile; fileRef = 54EC76D42BC2C20D0044B0D1 /* PricingOfferModel.swift */; };
		54EC76EE2BC46F860044B0D1 /* ProductsViewModel.swift in Sources */ = {isa = PBXBuildFile; fileRef = 54EC76ED2BC46F860044B0D1 /* ProductsViewModel.swift */; };
/* End PBXBuildFile section */

/* Begin PBXFileReference section */
		54AB4C952BC5D56E00EB562F /* SupplierDetailsView.swift */ = {isa = PBXFileReference; lastKnownFileType = sourcecode.swift; path = SupplierDetailsView.swift; sourceTree = "<group>"; };
		54AB4C972BC5D98200EB562F /* SupplyHistoryModel.swift */ = {isa = PBXFileReference; lastKnownFileType = sourcecode.swift; path = SupplyHistoryModel.swift; sourceTree = "<group>"; };
		54EC76AB2BC1C2810044B0D1 /* ProductSystem.app */ = {isa = PBXFileReference; explicitFileType = wrapper.application; includeInIndex = 0; path = ProductSystem.app; sourceTree = BUILT_PRODUCTS_DIR; };
		54EC76AE2BC1C2810044B0D1 /* ProductSystemApp.swift */ = {isa = PBXFileReference; lastKnownFileType = sourcecode.swift; path = ProductSystemApp.swift; sourceTree = "<group>"; };
		54EC76B02BC1C2810044B0D1 /* SettingsView.swift */ = {isa = PBXFileReference; lastKnownFileType = sourcecode.swift; path = SettingsView.swift; sourceTree = "<group>"; };
		54EC76B22BC1C2820044B0D1 /* Assets.xcassets */ = {isa = PBXFileReference; lastKnownFileType = folder.assetcatalog; path = Assets.xcassets; sourceTree = "<group>"; };
		54EC76B52BC1C2820044B0D1 /* Preview Assets.xcassets */ = {isa = PBXFileReference; lastKnownFileType = folder.assetcatalog; path = "Preview Assets.xcassets"; sourceTree = "<group>"; };
		54EC76BF2BC1C4680044B0D1 /* DatabaseWrapper.swift */ = {isa = PBXFileReference; lastKnownFileType = sourcecode.swift; path = DatabaseWrapper.swift; sourceTree = "<group>"; };
		54EC76C12BC1E0AD0044B0D1 /* ProductsView.swift */ = {isa = PBXFileReference; lastKnownFileType = sourcecode.swift; path = ProductsView.swift; sourceTree = "<group>"; };
		54EC76C32BC2C1340044B0D1 /* MainTabView.swift */ = {isa = PBXFileReference; lastKnownFileType = sourcecode.swift; path = MainTabView.swift; sourceTree = "<group>"; };
		54EC76C52BC2C1540044B0D1 /* ProductDetailsView.swift */ = {isa = PBXFileReference; lastKnownFileType = sourcecode.swift; path = ProductDetailsView.swift; sourceTree = "<group>"; };
		54EC76C72BC2C1760044B0D1 /* CategoriesView.swift */ = {isa = PBXFileReference; lastKnownFileType = sourcecode.swift; path = CategoriesView.swift; sourceTree = "<group>"; };
		54EC76C92BC2C1850044B0D1 /* SuppliersView.swift */ = {isa = PBXFileReference; lastKnownFileType = sourcecode.swift; path = SuppliersView.swift; sourceTree = "<group>"; };
		54EC76CC2BC2C1B30044B0D1 /* ProductModel.swift */ = {isa = PBXFileReference; lastKnownFileType = sourcecode.swift; path = ProductModel.swift; sourceTree = "<group>"; };
		54EC76CE2BC2C1D90044B0D1 /* CategoryModel.swift */ = {isa = PBXFileReference; lastKnownFileType = sourcecode.swift; path = CategoryModel.swift; sourceTree = "<group>"; };
		54EC76D02BC2C1E70044B0D1 /* SupplierModel.swift */ = {isa = PBXFileReference; lastKnownFileType = sourcecode.swift; path = SupplierModel.swift; sourceTree = "<group>"; };
		54EC76D22BC2C1F50044B0D1 /* InventoryModel.swift */ = {isa = PBXFileReference; lastKnownFileType = sourcecode.swift; path = InventoryModel.swift; sourceTree = "<group>"; };
		54EC76D42BC2C20D0044B0D1 /* PricingOfferModel.swift */ = {isa = PBXFileReference; lastKnownFileType = sourcecode.swift; path = PricingOfferModel.swift; sourceTree = "<group>"; };
		54EC76ED2BC46F860044B0D1 /* ProductsViewModel.swift */ = {isa = PBXFileReference; lastKnownFileType = sourcecode.swift; path = ProductsViewModel.swift; sourceTree = "<group>"; };
/* End PBXFileReference section */

/* Begin PBXFrameworksBuildPhase section */
		54EC76A82BC1C2810044B0D1 /* Frameworks */ = {
			isa = PBXFrameworksBuildPhase;
			buildActionMask = 2147483647;
			files = (
				54EC76BE2BC1C2DE0044B0D1 /* SQLite in Frameworks */,
			);
			runOnlyForDeploymentPostprocessing = 0;
		};
/* End PBXFrameworksBuildPhase section */

/* Begin PBXGroup section */
		54AB4C912BC4838600EB562F /* Products */ = {
			isa = PBXGroup;
			children = (
				54EC76C12BC1E0AD0044B0D1 /* ProductsView.swift */,
				54EC76ED2BC46F860044B0D1 /* ProductsViewModel.swift */,
				54EC76C52BC2C1540044B0D1 /* ProductDetailsView.swift */,
			);
			path = Products;
			sourceTree = "<group>";
		};
		54EC76A22BC1C2810044B0D1 = {
			isa = PBXGroup;
			children = (
				54EC76AD2BC1C2810044B0D1 /* ProductSystem */,
				54EC76AC2BC1C2810044B0D1 /* Products */,
			);
			sourceTree = "<group>";
		};
		54EC76AC2BC1C2810044B0D1 /* Products */ = {
			isa = PBXGroup;
			children = (
				54EC76AB2BC1C2810044B0D1 /* ProductSystem.app */,
			);
			name = Products;
			sourceTree = "<group>";
		};
		54EC76AD2BC1C2810044B0D1 /* ProductSystem */ = {
			isa = PBXGroup;
			children = (
				54EC76AE2BC1C2810044B0D1 /* ProductSystemApp.swift */,
				54EC76C32BC2C1340044B0D1 /* MainTabView.swift */,
				54EC76B02BC1C2810044B0D1 /* SettingsView.swift */,
				54AB4C912BC4838600EB562F /* Products */,
				54EC76C72BC2C1760044B0D1 /* CategoriesView.swift */,
				54EC76C92BC2C1850044B0D1 /* SuppliersView.swift */,
				54AB4C952BC5D56E00EB562F /* SupplierDetailsView.swift */,
				54EC76CB2BC2C19C0044B0D1 /* Model */,
				54EC76B22BC1C2820044B0D1 /* Assets.xcassets */,
				54EC76B42BC1C2820044B0D1 /* Preview Content */,
			);
			path = ProductSystem;
			sourceTree = "<group>";
		};
		54EC76B42BC1C2820044B0D1 /* Preview Content */ = {
			isa = PBXGroup;
			children = (
				54EC76B52BC1C2820044B0D1 /* Preview Assets.xcassets */,
			);
			path = "Preview Content";
			sourceTree = "<group>";
		};
		54EC76CB2BC2C19C0044B0D1 /* Model */ = {
			isa = PBXGroup;
			children = (
				54EC76BF2BC1C4680044B0D1 /* DatabaseWrapper.swift */,
				54EC76CC2BC2C1B30044B0D1 /* ProductModel.swift */,
				54EC76CE2BC2C1D90044B0D1 /* CategoryModel.swift */,
				54EC76D02BC2C1E70044B0D1 /* SupplierModel.swift */,
				54EC76D22BC2C1F50044B0D1 /* InventoryModel.swift */,
				54EC76D42BC2C20D0044B0D1 /* PricingOfferModel.swift */,
				54AB4C972BC5D98200EB562F /* SupplyHistoryModel.swift */,
			);
			path = Model;
			sourceTree = "<group>";
		};
/* End PBXGroup section */

/* Begin PBXNativeTarget section */
		54EC76AA2BC1C2810044B0D1 /* ProductSystem */ = {
			isa = PBXNativeTarget;
			buildConfigurationList = 54EC76B92BC1C2820044B0D1 /* Build configuration list for PBXNativeTarget "ProductSystem" */;
			buildPhases = (
				54EC76A72BC1C2810044B0D1 /* Sources */,
				54EC76A82BC1C2810044B0D1 /* Frameworks */,
				54EC76A92BC1C2810044B0D1 /* Resources */,
			);
			buildRules = (
			);
			dependencies = (
			);
			name = ProductSystem;
			packageProductDependencies = (
				54EC76BD2BC1C2DE0044B0D1 /* SQLite */,
			);
			productName = ProductSystem;
			productReference = 54EC76AB2BC1C2810044B0D1 /* ProductSystem.app */;
			productType = "com.apple.product-type.application";
		};
/* End PBXNativeTarget section */

/* Begin PBXProject section */
		54EC76A32BC1C2810044B0D1 /* Project object */ = {
			isa = PBXProject;
			attributes = {
				BuildIndependentTargetsInParallel = 1;
				LastSwiftUpdateCheck = 1530;
				LastUpgradeCheck = 1530;
				TargetAttributes = {
					54EC76AA2BC1C2810044B0D1 = {
						CreatedOnToolsVersion = 15.3;
					};
				};
			};
			buildConfigurationList = 54EC76A62BC1C2810044B0D1 /* Build configuration list for PBXProject "ProductSystem" */;
			compatibilityVersion = "Xcode 14.0";
			developmentRegion = en;
			hasScannedForEncodings = 0;
			knownRegions = (
				en,
				Base,
			);
			mainGroup = 54EC76A22BC1C2810044B0D1;
			packageReferences = (
				54EC76BC2BC1C2DE0044B0D1 /* XCRemoteSwiftPackageReference "SQLite" */,
			);
			productRefGroup = 54EC76AC2BC1C2810044B0D1 /* Products */;
			projectDirPath = "";
			projectRoot = "";
			targets = (
				54EC76AA2BC1C2810044B0D1 /* ProductSystem */,
			);
		};
/* End PBXProject section */

/* Begin PBXResourcesBuildPhase section */
		54EC76A92BC1C2810044B0D1 /* Resources */ = {
			isa = PBXResourcesBuildPhase;
			buildActionMask = 2147483647;
			files = (
				54EC76B62BC1C2820044B0D1 /* Preview Assets.xcassets in Resources */,
				54EC76B32BC1C2820044B0D1 /* Assets.xcassets in Resources */,
			);
			runOnlyForDeploymentPostprocessing = 0;
		};
/* End PBXResourcesBuildPhase section */

/* Begin PBXSourcesBuildPhase section */
		54EC76A72BC1C2810044B0D1 /* Sources */ = {
			isa = PBXSourcesBuildPhase;
			buildActionMask = 2147483647;
			files = (
				54EC76D32BC2C1F50044B0D1 /* InventoryModel.swift in Sources */,
				54AB4C962BC5D56E00EB562F /* SupplierDetailsView.swift in Sources */,
				54EC76CA2BC2C1850044B0D1 /* SuppliersView.swift in Sources */,
				54AB4C982BC5D98200EB562F /* SupplyHistoryModel.swift in Sources */,
				54EC76EE2BC46F860044B0D1 /* ProductsViewModel.swift in Sources */,
				54EC76D12BC2C1E70044B0D1 /* SupplierModel.swift in Sources */,
				54EC76D52BC2C20D0044B0D1 /* PricingOfferModel.swift in Sources */,
				54EC76C22BC1E0AD0044B0D1 /* ProductsView.swift in Sources */,
				54EC76C82BC2C1760044B0D1 /* CategoriesView.swift in Sources */,
				54EC76CF2BC2C1D90044B0D1 /* CategoryModel.swift in Sources */,
				54EC76B12BC1C2810044B0D1 /* SettingsView.swift in Sources */,
				54EC76CD2BC2C1B30044B0D1 /* ProductModel.swift in Sources */,
				54EC76C02BC1C4680044B0D1 /* DatabaseWrapper.swift in Sources */,
				54EC76AF2BC1C2810044B0D1 /* ProductSystemApp.swift in Sources */,
				54EC76C42BC2C1340044B0D1 /* MainTabView.swift in Sources */,
				54EC76C62BC2C1540044B0D1 /* ProductDetailsView.swift in Sources */,
			);
			runOnlyForDeploymentPostprocessing = 0;
		};
/* End PBXSourcesBuildPhase section */

/* Begin XCBuildConfiguration section */
		54EC76B72BC1C2820044B0D1 /* Debug */ = {
			isa = XCBuildConfiguration;
			buildSettings = {
				ALWAYS_SEARCH_USER_PATHS = NO;
				ASSETCATALOG_COMPILER_GENERATE_SWIFT_ASSET_SYMBOL_EXTENSIONS = YES;
				CLANG_ANALYZER_NONNULL = YES;
				CLANG_ANALYZER_NUMBER_OBJECT_CONVERSION = YES_AGGRESSIVE;
				CLANG_CXX_LANGUAGE_STANDARD = "gnu++20";
				CLANG_ENABLE_MODULES = YES;
				CLANG_ENABLE_OBJC_ARC = YES;
				CLANG_ENABLE_OBJC_WEAK = YES;
				CLANG_WARN_BLOCK_CAPTURE_AUTORELEASING = YES;
				CLANG_WARN_BOOL_CONVERSION = YES;
				CLANG_WARN_COMMA = YES;
				CLANG_WARN_CONSTANT_CONVERSION = YES;
				CLANG_WARN_DEPRECATED_OBJC_IMPLEMENTATIONS = YES;
				CLANG_WARN_DIRECT_OBJC_ISA_USAGE = YES_ERROR;
				CLANG_WARN_DOCUMENTATION_COMMENTS = YES;
				CLANG_WARN_EMPTY_BODY = YES;
				CLANG_WARN_ENUM_CONVERSION = YES;
				CLANG_WARN_INFINITE_RECURSION = YES;
				CLANG_WARN_INT_CONVERSION = YES;
				CLANG_WARN_NON_LITERAL_NULL_CONVERSION = YES;
				CLANG_WARN_OBJC_IMPLICIT_RETAIN_SELF = YES;
				CLANG_WARN_OBJC_LITERAL_CONVERSION = YES;
				CLANG_WARN_OBJC_ROOT_CLASS = YES_ERROR;
				CLANG_WARN_QUOTED_INCLUDE_IN_FRAMEWORK_HEADER = YES;
				CLANG_WARN_RANGE_LOOP_ANALYSIS = YES;
				CLANG_WARN_STRICT_PROTOTYPES = YES;
				CLANG_WARN_SUSPICIOUS_MOVE = YES;
				CLANG_WARN_UNGUARDED_AVAILABILITY = YES_AGGRESSIVE;
				CLANG_WARN_UNREACHABLE_CODE = YES;
				CLANG_WARN__DUPLICATE_METHOD_MATCH = YES;
				COPY_PHASE_STRIP = NO;
				DEBUG_INFORMATION_FORMAT = dwarf;
				ENABLE_STRICT_OBJC_MSGSEND = YES;
				ENABLE_TESTABILITY = YES;
				ENABLE_USER_SCRIPT_SANDBOXING = YES;
				GCC_C_LANGUAGE_STANDARD = gnu17;
				GCC_DYNAMIC_NO_PIC = NO;
				GCC_NO_COMMON_BLOCKS = YES;
				GCC_OPTIMIZATION_LEVEL = 0;
				GCC_PREPROCESSOR_DEFINITIONS = (
					"DEBUG=1",
					"$(inherited)",
				);
				GCC_WARN_64_TO_32_BIT_CONVERSION = YES;
				GCC_WARN_ABOUT_RETURN_TYPE = YES_ERROR;
				GCC_WARN_UNDECLARED_SELECTOR = YES;
				GCC_WARN_UNINITIALIZED_AUTOS = YES_AGGRESSIVE;
				GCC_WARN_UNUSED_FUNCTION = YES;
				GCC_WARN_UNUSED_VARIABLE = YES;
				IPHONEOS_DEPLOYMENT_TARGET = 17.4;
				LOCALIZATION_PREFERS_STRING_CATALOGS = YES;
				MTL_ENABLE_DEBUG_INFO = INCLUDE_SOURCE;
				MTL_FAST_MATH = YES;
				ONLY_ACTIVE_ARCH = YES;
				SDKROOT = iphoneos;
				SWIFT_ACTIVE_COMPILATION_CONDITIONS = "DEBUG $(inherited)";
				SWIFT_OPTIMIZATION_LEVEL = "-Onone";
			};
			name = Debug;
		};
		54EC76B82BC1C2820044B0D1 /* Release */ = {
			isa = XCBuildConfiguration;
			buildSettings = {
				ALWAYS_SEARCH_USER_PATHS = NO;
				ASSETCATALOG_COMPILER_GENERATE_SWIFT_ASSET_SYMBOL_EXTENSIONS = YES;
				CLANG_ANALYZER_NONNULL = YES;
				CLANG_ANALYZER_NUMBER_OBJECT_CONVERSION = YES_AGGRESSIVE;
				CLANG_CXX_LANGUAGE_STANDARD = "gnu++20";
				CLANG_ENABLE_MODULES = YES;
				CLANG_ENABLE_OBJC_ARC = YES;
				CLANG_ENABLE_OBJC_WEAK = YES;
				CLANG_WARN_BLOCK_CAPTURE_AUTORELEASING = YES;
				CLANG_WARN_BOOL_CONVERSION = YES;
				CLANG_WARN_COMMA = YES;
				CLANG_WARN_CONSTANT_CONVERSION = YES;
				CLANG_WARN_DEPRECATED_OBJC_IMPLEMENTATIONS = YES;
				CLANG_WARN_DIRECT_OBJC_ISA_USAGE = YES_ERROR;
				CLANG_WARN_DOCUMENTATION_COMMENTS = YES;
				CLANG_WARN_EMPTY_BODY = YES;
				CLANG_WARN_ENUM_CONVERSION = YES;
				CLANG_WARN_INFINITE_RECURSION = YES;
				CLANG_WARN_INT_CONVERSION = YES;
				CLANG_WARN_NON_LITERAL_NULL_CONVERSION = YES;
				CLANG_WARN_OBJC_IMPLICIT_RETAIN_SELF = YES;
				CLANG_WARN_OBJC_LITERAL_CONVERSION = YES;
				CLANG_WARN_OBJC_ROOT_CLASS = YES_ERROR;
				CLANG_WARN_QUOTED_INCLUDE_IN_FRAMEWORK_HEADER = YES;
				CLANG_WARN_RANGE_LOOP_ANALYSIS = YES;
				CLANG_WARN_STRICT_PROTOTYPES = YES;
				CLANG_WARN_SUSPICIOUS_MOVE = YES;
				CLANG_WARN_UNGUARDED_AVAILABILITY = YES_AGGRESSIVE;
				CLANG_WARN_UNREACHABLE_CODE = YES;
				CLANG_WARN__DUPLICATE_METHOD_MATCH = YES;
				COPY_PHASE_STRIP = NO;
				DEBUG_INFORMATION_FORMAT = "dwarf-with-dsym";
				ENABLE_NS_ASSERTIONS = NO;
				ENABLE_STRICT_OBJC_MSGSEND = YES;
				ENABLE_USER_SCRIPT_SANDBOXING = YES;
				GCC_C_LANGUAGE_STANDARD = gnu17;
				GCC_NO_COMMON_BLOCKS = YES;
				GCC_WARN_64_TO_32_BIT_CONVERSION = YES;
				GCC_WARN_ABOUT_RETURN_TYPE = YES_ERROR;
				GCC_WARN_UNDECLARED_SELECTOR = YES;
				GCC_WARN_UNINITIALIZED_AUTOS = YES_AGGRESSIVE;
				GCC_WARN_UNUSED_FUNCTION = YES;
				GCC_WARN_UNUSED_VARIABLE = YES;
				IPHONEOS_DEPLOYMENT_TARGET = 17.4;
				LOCALIZATION_PREFERS_STRING_CATALOGS = YES;
				MTL_ENABLE_DEBUG_INFO = NO;
				MTL_FAST_MATH = YES;
				SDKROOT = iphoneos;
				SWIFT_COMPILATION_MODE = wholemodule;
				VALIDATE_PRODUCT = YES;
			};
			name = Release;
		};
		54EC76BA2BC1C2820044B0D1 /* Debug */ = {
			isa = XCBuildConfiguration;
			buildSettings = {
				ASSETCATALOG_COMPILER_APPICON_NAME = AppIcon;
				ASSETCATALOG_COMPILER_GLOBAL_ACCENT_COLOR_NAME = AccentColor;
				CODE_SIGN_STYLE = Automatic;
				CURRENT_PROJECT_VERSION = 1;
				DEVELOPMENT_ASSET_PATHS = "\"ProductSystem/Preview Content\"";
				DEVELOPMENT_TEAM = PS289ZBK4N;
				ENABLE_PREVIEWS = YES;
				GENERATE_INFOPLIST_FILE = YES;
				INFOPLIST_KEY_UIApplicationSceneManifest_Generation = YES;
				INFOPLIST_KEY_UIApplicationSupportsIndirectInputEvents = YES;
				INFOPLIST_KEY_UILaunchScreen_Generation = YES;
				INFOPLIST_KEY_UISupportedInterfaceOrientations_iPad = "UIInterfaceOrientationPortrait UIInterfaceOrientationPortraitUpsideDown UIInterfaceOrientationLandscapeLeft UIInterfaceOrientationLandscapeRight";
				INFOPLIST_KEY_UISupportedInterfaceOrientations_iPhone = "UIInterfaceOrientationPortrait UIInterfaceOrientationLandscapeLeft UIInterfaceOrientationLandscapeRight";
				IPHONEOS_DEPLOYMENT_TARGET = 17.0;
				LD_RUNPATH_SEARCH_PATHS = (
					"$(inherited)",
					"@executable_path/Frameworks",
				);
				MARKETING_VERSION = 1.0;
				PRODUCT_BUNDLE_IDENTIFIER = ru.flatty.ProductSystem;
				PRODUCT_NAME = "$(TARGET_NAME)";
				SWIFT_EMIT_LOC_STRINGS = YES;
				SWIFT_VERSION = 5.0;
				TARGETED_DEVICE_FAMILY = "1,2";
			};
			name = Debug;
		};
		54EC76BB2BC1C2820044B0D1 /* Release */ = {
			isa = XCBuildConfiguration;
			buildSettings = {
				ASSETCATALOG_COMPILER_APPICON_NAME = AppIcon;
				ASSETCATALOG_COMPILER_GLOBAL_ACCENT_COLOR_NAME = AccentColor;
				CODE_SIGN_STYLE = Automatic;
				CURRENT_PROJECT_VERSION = 1;
				DEVELOPMENT_ASSET_PATHS = "\"ProductSystem/Preview Content\"";
				DEVELOPMENT_TEAM = PS289ZBK4N;
				ENABLE_PREVIEWS = YES;
				GENERATE_INFOPLIST_FILE = YES;
				INFOPLIST_KEY_UIApplicationSceneManifest_Generation = YES;
				INFOPLIST_KEY_UIApplicationSupportsIndirectInputEvents = YES;
				INFOPLIST_KEY_UILaunchScreen_Generation = YES;
				INFOPLIST_KEY_UISupportedInterfaceOrientations_iPad = "UIInterfaceOrientationPortrait UIInterfaceOrientationPortraitUpsideDown UIInterfaceOrientationLandscapeLeft UIInterfaceOrientationLandscapeRight";
				INFOPLIST_KEY_UISupportedInterfaceOrientations_iPhone = "UIInterfaceOrientationPortrait UIInterfaceOrientationLandscapeLeft UIInterfaceOrientationLandscapeRight";
				IPHONEOS_DEPLOYMENT_TARGET = 17.0;
				LD_RUNPATH_SEARCH_PATHS = (
					"$(inherited)",
					"@executable_path/Frameworks",
				);
				MARKETING_VERSION = 1.0;
				PRODUCT_BUNDLE_IDENTIFIER = ru.flatty.ProductSystem;
				PRODUCT_NAME = "$(TARGET_NAME)";
				SWIFT_EMIT_LOC_STRINGS = YES;
				SWIFT_VERSION = 5.0;
				TARGETED_DEVICE_FAMILY = "1,2";
			};
			name = Release;
		};
/* End XCBuildConfiguration section */

/* Begin XCConfigurationList section */
		54EC76A62BC1C2810044B0D1 /* Build configuration list for PBXProject "ProductSystem" */ = {
			isa = XCConfigurationList;
			buildConfigurations = (
				54EC76B72BC1C2820044B0D1 /* Debug */,
				54EC76B82BC1C2820044B0D1 /* Release */,
			);
			defaultConfigurationIsVisible = 0;
			defaultConfigurationName = Release;
		};
		54EC76B92BC1C2820044B0D1 /* Build configuration list for PBXNativeTarget "ProductSystem" */ = {
			isa = XCConfigurationList;
			buildConfigurations = (
				54EC76BA2BC1C2820044B0D1 /* Debug */,
				54EC76BB2BC1C2820044B0D1 /* Release */,
			);
			defaultConfigurationIsVisible = 0;
			defaultConfigurationName = Release;
		};
/* End XCConfigurationList section */

/* Begin XCRemoteSwiftPackageReference section */
		54EC76BC2BC1C2DE0044B0D1 /* XCRemoteSwiftPackageReference "SQLite" */ = {
			isa = XCRemoteSwiftPackageReference;
			repositoryURL = "https://github.com/stephencelis/SQLite.swift";
			requirement = {
				kind = upToNextMajorVersion;
				minimumVersion = 0.15.0;
			};
		};
/* End XCRemoteSwiftPackageReference section */

/* Begin XCSwiftPackageProductDependency section */
		54EC76BD2BC1C2DE0044B0D1 /* SQLite */ = {
			isa = XCSwiftPackageProductDependency;
			package = 54EC76BC2BC1C2DE0044B0D1 /* XCRemoteSwiftPackageReference "SQLite" */;
			productName = SQLite;
		};
/* End XCSwiftPackageProductDependency section */
	};
	rootObject = 54EC76A32BC1C2810044B0D1 /* Project object */;
}
